
Microsoft Visual Studio Solution File, Format Version 12.00
Project("{FAE04EC0-301F-11D3-BF4B-00C04F79EFBC}") = "TcpSocketServer", "TcpSocketServer\TcpSocketServer.csproj", "{FB11C2E8-16AA-4AC8-B64C-E7941B7A9B26}"
EndProject
Global
	GlobalSection(SolutionConfigurationPlatforms) = preSolution
		Debug|Any CPU = Debug|Any CPU
		Release|Any CPU = Release|Any CPU
	EndGlobalSection
	GlobalSection(ProjectConfigurationPlatforms) = postSolution
		{FB11C2E8-16AA-4AC8-B64C-E7941B7A9B26}.Debug|Any CPU.ActiveCfg = Debug|Any CPU
		{FB11C2E8-16AA-4AC8-B64C-E7941B7A9B26}.Debug|Any CPU.Build.0 = Debug|Any CPU
		{FB11C2E8-16AA-4AC8-B64C-E7941B7A9B26}.Release|Any CPU.ActiveCfg = Release|Any CPU
		{FB11C2E8-16AA-4AC8-B64C-E7941B7A9B26}.Release|Any CPU.Build.0 = Release|Any CPU
	EndGlobalSection
EndGlobal
